# THIS IS AN AUTOGENERATED FILE. DO NOT EDIT THIS FILE DIRECTLY.
# yarn lockfile v1


"@18f/us-federal-holidays@^2.1.1":
  version "2.1.1"
  resolved "https://registry.yarnpkg.com/@18f/us-federal-holidays/-/us-federal-holidays-2.1.1.tgz#73ed62372484a83a6f9cb9a9c37c68e5250efb54"
  integrity sha512-tTLrfJP3+1FO0nynJuhP3XPjFGf78ElVpsIxfTV6Yphipd3IiKjxGzjekJqExFibP3Y08wbdUHVxIm6ZYIWkmQ==
  dependencies:
    dayjs "^1.10.6"

dayjs@^1.10.6:
  version "1.11.3"
  resolved "https://registry.yarnpkg.com/dayjs/-/dayjs-1.11.3.tgz#4754eb694a624057b9ad2224b67b15d552589258"
  integrity sha512-xxwlswWOlGhzgQ4TKzASQkUhqERI3egRNqgV4ScR8wlANA/A9tZ7miXa44vTTKEq5l7vWoL5G57bG3zA+Kow0A==

moment-business-days@^1.2.0:
  version "1.2.0"
  resolved "https://registry.yarnpkg.com/moment-business-days/-/moment-business-days-1.2.0.tgz#6172f9f38dbf443c2f859baabeabbd2935f63d65"
  integrity sha512-QJlceLfMSxy/jZSOgJYCKeKw+qGYHj8W0jMa/fYruyoJ85+bJuLRiYv5DIaflyuRipmYRfD4kDlSwVYteLN+Jw==
